
Microsoft Visual Studio Solution File, Format Version 12.00
# Visual Studio Version 17
VisualStudioVersion = 17.4.33403.182
MinimumVisualStudioVersion = 10.0.40219.1
Project("{9A19103F-16F7-4668-BE54-9A1E7A4F7556}") = "PL", "PL\PL.csproj", "{8EF479FA-D61F-44A9-873C-48D116A42543}"
EndProject
Project("{FAE04EC0-301F-11D3-BF4B-00C04F79EFBC}") = "DL", "DL\DL.csproj", "{C619910A-C11F-473C-AB5A-EA08DAD02620}"
EndProject
Project("{FAE04EC0-301F-11D3-BF4B-00C04F79EFBC}") = "BL", "BL\BL.csproj", "{10F8BAF6-31C2-49D8-8A73-CE3504282F9E}"
EndProject
Project("{FAE04EC0-301F-11D3-BF4B-00C04F79EFBC}") = "ML", "ML\ML.csproj", "{3C240E52-BB40-44BA-AE6C-5FD98DD88944}"
EndProject
Global
	GlobalSection(SolutionConfigurationPlatforms) = preSolution
		Debug|Any CPU = Debug|Any CPU
		Release|Any CPU = Release|Any CPU
	EndGlobalSection
	GlobalSection(ProjectConfigurationPlatforms) = postSolution
		{8EF479FA-D61F-44A9-873C-48D116A42543}.Debug|Any CPU.ActiveCfg = Debug|Any CPU
		{8EF479FA-D61F-44A9-873C-48D116A42543}.Debug|Any CPU.Build.0 = Debug|Any CPU
		{8EF479FA-D61F-44A9-873C-48D116A42543}.Release|Any CPU.ActiveCfg = Release|Any CPU
		{8EF479FA-D61F-44A9-873C-48D116A42543}.Release|Any CPU.Build.0 = Release|Any CPU
		{C619910A-C11F-473C-AB5A-EA08DAD02620}.Debug|Any CPU.ActiveCfg = Debug|Any CPU
		{C619910A-C11F-473C-AB5A-EA08DAD02620}.Debug|Any CPU.Build.0 = Debug|Any CPU
		{C619910A-C11F-473C-AB5A-EA08DAD02620}.Release|Any CPU.ActiveCfg = Release|Any CPU
		{C619910A-C11F-473C-AB5A-EA08DAD02620}.Release|Any CPU.Build.0 = Release|Any CPU
		{10F8BAF6-31C2-49D8-8A73-CE3504282F9E}.Debug|Any CPU.ActiveCfg = Debug|Any CPU
		{10F8BAF6-31C2-49D8-8A73-CE3504282F9E}.Debug|Any CPU.Build.0 = Debug|Any CPU
		{10F8BAF6-31C2-49D8-8A73-CE3504282F9E}.Release|Any CPU.ActiveCfg = Release|Any CPU
		{10F8BAF6-31C2-49D8-8A73-CE3504282F9E}.Release|Any CPU.Build.0 = Release|Any CPU
		{3C240E52-BB40-44BA-AE6C-5FD98DD88944}.Debug|Any CPU.ActiveCfg = Debug|Any CPU
		{3C240E52-BB40-44BA-AE6C-5FD98DD88944}.Debug|Any CPU.Build.0 = Debug|Any CPU
		{3C240E52-BB40-44BA-AE6C-5FD98DD88944}.Release|Any CPU.ActiveCfg = Release|Any CPU
		{3C240E52-BB40-44BA-AE6C-5FD98DD88944}.Release|Any CPU.Build.0 = Release|Any CPU
	EndGlobalSection
	GlobalSection(SolutionProperties) = preSolution
		HideSolutionNode = FALSE
	EndGlobalSection
	GlobalSection(ExtensibilityGlobals) = postSolution
		SolutionGuid = {05C74250-7EB2-4B8F-91D7-31C7F178AA3D}
	EndGlobalSection
EndGlobal
